Microsoft Visual Studio Solution File, Format Version 11.00
# Visual Studio 2008

Project("{8BE847A9-7C1F-03EC-A442-2B96FCA83D87}") = "Unity-Interactive", "Assembly-CSharp.csproj", "{F8CE93E1-C8FF-5244-3191-2B0D42C91117}"
EndProject
Global
	GlobalSection(SolutionConfigurationPlatforms) = preSolution
		Debug|Any CPU = Debug|Any CPU
		Release|Any CPU = Release|Any CPU
	EndGlobalSection
	GlobalSection(ProjectConfigurationPlatforms) = postSolution
		{F8CE93E1-C8FF-5244-3191-2B0D42C91117}.Debug|Any CPU.ActiveCfg = Debug|Any CPU
		{F8CE93E1-C8FF-5244-3191-2B0D42C91117}.Debug|Any CPU.Build.0 = Debug|Any CPU
		{F8CE93E1-C8FF-5244-3191-2B0D42C91117}.Release|Any CPU.ActiveCfg = Release|Any CPU
		{F8CE93E1-C8FF-5244-3191-2B0D42C91117}.Release|Any CPU.Build.0 = Release|Any CPU
	EndGlobalSection
	GlobalSection(SolutionProperties) = preSolution
		HideSolutionNode = FALSE
	EndGlobalSection
																								GlobalSection(MonoDevelopProperties) = preSolution
		StartupItem = Assembly-CSharp.csproj
		Policies = $0
		$0.TextStylePolicy = $1
		$1.inheritsSet = null
		$1.scope = text/x-csharp
		$0.CSharpFormattingPolicy = $2
		$2.inheritsSet = Mono
		$2.inheritsScope = text/x-csharp
		$2.scope = text/x-csharp
		$0.TextStylePolicy = $3
		$3.FileWidth = 120
		$3.TabWidth = 4
		$3.EolMarker = Unix
		$3.inheritsSet = Mono
		$3.inheritsScope = text/plain
		$3.scope = text/plain
	EndGlobalSection

EndGlobal
